
Microsoft Visual Studio Solution File, Format Version 12.00
# Visual Studio Version 16
VisualStudioVersion = 16.0.31702.278
MinimumVisualStudioVersion = 10.0.40219.1
Project("{9A19103F-16F7-4668-BE54-9A1E7A4F7556}") = "API", "API\API.csproj", "{A7C3BBF0-5573-40EA-9230-5DD80FCCE399}"
EndProject
Project("{FAE04EC0-301F-11D3-BF4B-00C04F79EFBC}") = "GeoSpace.Engine", "GeoSpace.Engine\GeoSpace.Engine.csproj", "{F61BB2AA-68E6-4C67-9B0C-E7F34AE66FEE}"
EndProject
Project("{FAE04EC0-301F-11D3-BF4B-00C04F79EFBC}") = "GeoSpace.Infrastructure", "GeoSpace.Infrastructure\GeoSpace.Infrastructure.csproj", "{E3618514-4EAD-4255-84A5-75EC6010F1A6}"
EndProject
Project("{FAE04EC0-301F-11D3-BF4B-00C04F79EFBC}") = "GeoSpace.Core", "GeoSpace.Core\GeoSpace.Core.csproj", "{E303DD84-5D41-4221-93C2-A76ADC55E0D3}"
EndProject
Global
	GlobalSection(SolutionConfigurationPlatforms) = preSolution
		Debug|Any CPU = Debug|Any CPU
		Release|Any CPU = Release|Any CPU
	EndGlobalSection
	GlobalSection(ProjectConfigurationPlatforms) = postSolution
		{A7C3BBF0-5573-40EA-9230-5DD80FCCE399}.Debug|Any CPU.ActiveCfg = Debug|Any CPU
		{A7C3BBF0-5573-40EA-9230-5DD80FCCE399}.Debug|Any CPU.Build.0 = Debug|Any CPU
		{A7C3BBF0-5573-40EA-9230-5DD80FCCE399}.Release|Any CPU.ActiveCfg = Release|Any CPU
		{A7C3BBF0-5573-40EA-9230-5DD80FCCE399}.Release|Any CPU.Build.0 = Release|Any CPU
		{F61BB2AA-68E6-4C67-9B0C-E7F34AE66FEE}.Debug|Any CPU.ActiveCfg = Debug|Any CPU
		{F61BB2AA-68E6-4C67-9B0C-E7F34AE66FEE}.Debug|Any CPU.Build.0 = Debug|Any CPU
		{F61BB2AA-68E6-4C67-9B0C-E7F34AE66FEE}.Release|Any CPU.ActiveCfg = Release|Any CPU
		{F61BB2AA-68E6-4C67-9B0C-E7F34AE66FEE}.Release|Any CPU.Build.0 = Release|Any CPU
		{E3618514-4EAD-4255-84A5-75EC6010F1A6}.Debug|Any CPU.ActiveCfg = Debug|Any CPU
		{E3618514-4EAD-4255-84A5-75EC6010F1A6}.Debug|Any CPU.Build.0 = Debug|Any CPU
		{E3618514-4EAD-4255-84A5-75EC6010F1A6}.Release|Any CPU.ActiveCfg = Release|Any CPU
		{E3618514-4EAD-4255-84A5-75EC6010F1A6}.Release|Any CPU.Build.0 = Release|Any CPU
		{E303DD84-5D41-4221-93C2-A76ADC55E0D3}.Debug|Any CPU.ActiveCfg = Debug|Any CPU
		{E303DD84-5D41-4221-93C2-A76ADC55E0D3}.Debug|Any CPU.Build.0 = Debug|Any CPU
		{E303DD84-5D41-4221-93C2-A76ADC55E0D3}.Release|Any CPU.ActiveCfg = Release|Any CPU
		{E303DD84-5D41-4221-93C2-A76ADC55E0D3}.Release|Any CPU.Build.0 = Release|Any CPU
	EndGlobalSection
	GlobalSection(SolutionProperties) = preSolution
		HideSolutionNode = FALSE
	EndGlobalSection
	GlobalSection(ExtensibilityGlobals) = postSolution
		SolutionGuid = {FBC9E854-D68C-4F5B-9A51-AE07571EE24F}
	EndGlobalSection
EndGlobal
